
Microsoft Visual Studio Solution File, Format Version 12.00
# Visual Studio Version 16
VisualStudioVersion = 16.0.30621.155
MinimumVisualStudioVersion = 10.0.40219.1
Project("{F2A71F9B-5D33-465A-A702-920D77279786}") = "WebApplication1", "WebApplication1\WebApplication1.fsproj", "{DE6C6FDB-6AEB-48B9-9E5E-F163F0554BAF}"
EndProject
Global
	GlobalSection(SolutionConfigurationPlatforms) = preSolution
		Debug|Any CPU = Debug|Any CPU
		Release|Any CPU = Release|Any CPU
	EndGlobalSection
	GlobalSection(ProjectConfigurationPlatforms) = postSolution
		{DE6C6FDB-6AEB-48B9-9E5E-F163F0554BAF}.Debug|Any CPU.ActiveCfg = Debug|Any CPU
		{DE6C6FDB-6AEB-48B9-9E5E-F163F0554BAF}.Debug|Any CPU.Build.0 = Debug|Any CPU
		{DE6C6FDB-6AEB-48B9-9E5E-F163F0554BAF}.Release|Any CPU.ActiveCfg = Release|Any CPU
		{DE6C6FDB-6AEB-48B9-9E5E-F163F0554BAF}.Release|Any CPU.Build.0 = Release|Any CPU
	EndGlobalSection
	GlobalSection(SolutionProperties) = preSolution
		HideSolutionNode = FALSE
	EndGlobalSection
	GlobalSection(ExtensibilityGlobals) = postSolution
		SolutionGuid = {4F0C9FEB-E686-4275-92FC-1A67C3EB2B5A}
	EndGlobalSection
EndGlobal
